
Microsoft Visual Studio Solution File, Format Version 12.00
# Visual Studio 15
Project("{FAE04EC0-301F-11D3-BF4B-00C04F79EFBC}") = "Assembly-CSharp", "Assembly-CSharp.csproj", "{58D81B7A-A96A-AE18-5C2D-EFD9EA21F9EB}"
EndProject
Project("{FAE04EC0-301F-11D3-BF4B-00C04F79EFBC}") = "Assembly-CSharp-firstpass", "Assembly-CSharp-firstpass.csproj", "{02E1158E-EDC9-09DC-EEFB-262D6E597089}"
EndProject
Project("{FAE04EC0-301F-11D3-BF4B-00C04F79EFBC}") = "Assembly-CSharp-Editor", "Assembly-CSharp-Editor.csproj", "{8F9528CC-52CC-0D77-0479-CB2F5643AA90}"
EndProject
Global
	GlobalSection(SolutionConfigurationPlatforms) = preSolution
		Debug|Any CPU = Debug|Any CPU
		Release|Any CPU = Release|Any CPU
	EndGlobalSection
	GlobalSection(ProjectConfigurationPlatforms) = postSolution
		{58D81B7A-A96A-AE18-5C2D-EFD9EA21F9EB}.Debug|Any CPU.ActiveCfg = Debug|Any CPU
		{58D81B7A-A96A-AE18-5C2D-EFD9EA21F9EB}.Debug|Any CPU.Build.0 = Debug|Any CPU
		{58D81B7A-A96A-AE18-5C2D-EFD9EA21F9EB}.Release|Any CPU.ActiveCfg = Release|Any CPU
		{58D81B7A-A96A-AE18-5C2D-EFD9EA21F9EB}.Release|Any CPU.Build.0 = Release|Any CPU
		{02E1158E-EDC9-09DC-EEFB-262D6E597089}.Debug|Any CPU.ActiveCfg = Debug|Any CPU
		{02E1158E-EDC9-09DC-EEFB-262D6E597089}.Debug|Any CPU.Build.0 = Debug|Any CPU
		{02E1158E-EDC9-09DC-EEFB-262D6E597089}.Release|Any CPU.ActiveCfg = Release|Any CPU
		{02E1158E-EDC9-09DC-EEFB-262D6E597089}.Release|Any CPU.Build.0 = Release|Any CPU
		{8F9528CC-52CC-0D77-0479-CB2F5643AA90}.Debug|Any CPU.ActiveCfg = Debug|Any CPU
		{8F9528CC-52CC-0D77-0479-CB2F5643AA90}.Debug|Any CPU.Build.0 = Debug|Any CPU
		{8F9528CC-52CC-0D77-0479-CB2F5643AA90}.Release|Any CPU.ActiveCfg = Release|Any CPU
		{8F9528CC-52CC-0D77-0479-CB2F5643AA90}.Release|Any CPU.Build.0 = Release|Any CPU
	EndGlobalSection
	GlobalSection(SolutionProperties) = preSolution
		HideSolutionNode = FALSE
	EndGlobalSection
EndGlobal
